
Microsoft Visual Studio Solution File, Format Version 12.00
# Visual Studio Version 17
VisualStudioVersion = 17.10.35122.118
MinimumVisualStudioVersion = 10.0.40219.1
Project("{FAE04EC0-301F-11D3-BF4B-00C04F79EFBC}") = "KeyApp", "KeyApp\KeyApp.csproj", "{429B06D5-DD19-485F-B83E-94B8ED0037C2}"
EndProject
Global
	GlobalSection(SolutionConfigurationPlatforms) = preSolution
		Debug|Any CPU = Debug|Any CPU
		Release|Any CPU = Release|Any CPU
	EndGlobalSection
	GlobalSection(ProjectConfigurationPlatforms) = postSolution
		{429B06D5-DD19-485F-B83E-94B8ED0037C2}.Debug|Any CPU.ActiveCfg = Debug|Any CPU
		{429B06D5-DD19-485F-B83E-94B8ED0037C2}.Debug|Any CPU.Build.0 = Debug|Any CPU
		{429B06D5-DD19-485F-B83E-94B8ED0037C2}.Release|Any CPU.ActiveCfg = Release|Any CPU
		{429B06D5-DD19-485F-B83E-94B8ED0037C2}.Release|Any CPU.Build.0 = Release|Any CPU
	EndGlobalSection
	GlobalSection(SolutionProperties) = preSolution
		HideSolutionNode = FALSE
	EndGlobalSection
	GlobalSection(ExtensibilityGlobals) = postSolution
		SolutionGuid = {E4474D15-2071-4542-AA44-58AB75B11912}
	EndGlobalSection
EndGlobal
